<?xml version="1.0" encoding="utf-8"?>
<Project ToolsVersion="4.0" xmlns="http://schemas.microsoft.com/developer/msbuild/2003">
  <ItemGroup>
    <Filter Include="源文件">
      <UniqueIdentifier>{4FC737F1-C7A5-4376-A066-2A32D752A2FF}</UniqueIdentifier>
      <Extensions>cpp;c;cc;cxx;def;odl;idl;hpj;bat;asm;asmx</Extensions>
    </Filter>
    <Filter Include="头文件">
      <UniqueIdentifier>{93995380-89BD-4b04-88EB-625FBE52EBFB}</UniqueIdentifier>
      <Extensions>h;hh;hpp;hxx;hm;inl;inc;ipp;xsd</Extensions>
    </Filter>
    <Filter Include="资源文件">
      <UniqueIdentifier>{67DA6AB6-F800-4c08-8B7A-83BB121AAD01}</UniqueIdentifier>
      <Extensions>rc;ico;cur;bmp;dlg;rc2;rct;bin;rgs;gif;jpg;jpeg;jpe;resx;tiff;tif;png;wav;mfcribbon-ms</Extensions>
    </Filter>
  </ItemGroup>
  <ItemGroup>
    <ClInclude Include="CtrlPage.h">
      <Filter>头文件</Filter>
    </ClInclude>
    <ClInclude Include="Lin.h">
      <Filter>头文件</Filter>
    </ClInclude>
    <ClInclude Include="Bullet.h">
      <Filter>头文件</Filter>
    </ClInclude>
    <ClInclude Include="Base.h">
      <Filter>头文件</Filter>
    </ClInclude>
    <ClInclude Include="Partcle.h">
      <Filter>头文件</Filter>
    </ClInclude>
    <ClInclude Include="Fireworks.h">
      <Filter>头文件</Filter>
    </ClInclude>
    <ClInclude Include="Color.h">
      <Filter>头文件</Filter>
    </ClInclude>
    <ClInclude Include="BoomLine.h">
      <Filter>头文件</Filter>
    </ClInclude>
    <ClInclude Include="BoomEllipse.h">
      <Filter>头文件</Filter>
    </ClInclude>
    <ClInclude Include="resource.h">
      <Filter>头文件</Filter>
    </ClInclude>
  </ItemGroup>
  <ItemGroup>
    <ClCompile Include="CtrlPage.cpp">
      <Filter>源文件</Filter>
    </ClCompile>
    <ClCompile Include="main.cpp">
      <Filter>源文件</Filter>
    </ClCompile>
    <ClCompile Include="Lin.cpp">
      <Filter>源文件</Filter>
    </ClCompile>
    <ClCompile Include="Base.cpp">
      <Filter>源文件</Filter>
    </ClCompile>
    <ClCompile Include="Bullet.cpp">
      <Filter>源文件</Filter>
    </ClCompile>
    <ClCompile Include="Partcle.cpp">
      <Filter>源文件</Filter>
    </ClCompile>
    <ClCompile Include="FireWorks.cpp">
      <Filter>源文件</Filter>
    </ClCompile>
    <ClCompile Include="Color.cpp">
      <Filter>源文件</Filter>
    </ClCompile>
    <ClCompile Include="BoomLine.cpp">
      <Filter>源文件</Filter>
    </ClCompile>
    <ClCompile Include="BoomEllipse.cpp">
      <Filter>源文件</Filter>
    </ClCompile>
  </ItemGroup>
  <ItemGroup>
    <Media Include="..\Release\Boom.wav">
      <Filter>资源文件</Filter>
    </Media>
  </ItemGroup>
  <ItemGroup>
    <ResourceCompile Include="Boom.rc">
      <Filter>资源文件</Filter>
    </ResourceCompile>
  </ItemGroup>
  <ItemGroup>
    <Image Include="..\..\your pet\your pet\dog.ico">
      <Filter>资源文件</Filter>
    </Image>
  </ItemGroup>
</Project>